
Microsoft Visual Studio Solution File, Format Version 12.00
# Visual Studio Version 17
VisualStudioVersion = 17.11.35312.102
MinimumVisualStudioVersion = 10.0.40219.1
Project("{FAE04EC0-301F-11D3-BF4B-00C04F79EFBC}") = "UMAT_for_Viscoelastictiy", "UMAT_for_Viscoelastictiy\UMAT_for_Viscoelastictiy.csproj", "{DC505297-74DD-49BA-AD8C-35707E162061}"
EndProject
Global
	GlobalSection(SolutionConfigurationPlatforms) = preSolution
		Debug|Any CPU = Debug|Any CPU
		Release|Any CPU = Release|Any CPU
	EndGlobalSection
	GlobalSection(ProjectConfigurationPlatforms) = postSolution
		{DC505297-74DD-49BA-AD8C-35707E162061}.Debug|Any CPU.ActiveCfg = Debug|Any CPU
		{DC505297-74DD-49BA-AD8C-35707E162061}.Debug|Any CPU.Build.0 = Debug|Any CPU
		{DC505297-74DD-49BA-AD8C-35707E162061}.Release|Any CPU.ActiveCfg = Release|Any CPU
		{DC505297-74DD-49BA-AD8C-35707E162061}.Release|Any CPU.Build.0 = Release|Any CPU
	EndGlobalSection
	GlobalSection(SolutionProperties) = preSolution
		HideSolutionNode = FALSE
	EndGlobalSection
	GlobalSection(ExtensibilityGlobals) = postSolution
		SolutionGuid = {85340E8C-48D2-49BD-BFC3-3041247CFFDB}
	EndGlobalSection
EndGlobal
